// !$*UTF8*$!
{
	archiveVersion = 1;
	classes = {
	};
	objectVersion = 46;
	objects = {

/* Begin PBXBuildFile section */
		3E779C7C1DDF62E400FE0DD6 /* main.swift in Sources */ = {isa = PBXBuildFile; fileRef = 3E779C7B1DDF62E400FE0DD6 /* main.swift */; };
		3EC4E8E51DDF668400A3BF9B /* SwiftyJSON.framework in Frameworks */ = {isa = PBXBuildFile; fileRef = 3EC4E8E41DDF668400A3BF9B /* SwiftyJSON.framework */; };
		3EC4E8EB1DDF687F00A3BF9B /* SwiftyJSON.framework in Embedded Binaries */ = {isa = PBXBuildFile; fileRef = 3EC4E8E41DDF668400A3BF9B /* SwiftyJSON.framework */; settings = {ATTRIBUTES = (CodeSignOnCopy, RemoveHeadersOnCopy, ); }; };
		AE169C9B7727BC61E47959FE /* Pods_INLConfigGenerator.framework in Frameworks */ = {isa = PBXBuildFile; fileRef = C42D346BC38F2F73D9FCD7D1 /* Pods_INLConfigGenerator.framework */; };
/* End PBXBuildFile section */

/* Begin PBXCopyFilesBuildPhase section */
		3EC4E8E71DDF677E00A3BF9B /* Embedded Binaries */ = {
			isa = PBXCopyFilesBuildPhase;
			buildActionMask = 2147483647;
			dstPath = "";
			dstSubfolderSpec = 6;
			files = (
				3EC4E8EB1DDF687F00A3BF9B /* SwiftyJSON.framework in Embedded Binaries */,
			);
			name = "Embedded Binaries";
			runOnlyForDeploymentPostprocessing = 0;
		};
		3EC4E8EC1DDF690E00A3BF9B /* CopyFiles */ = {
			isa = PBXCopyFilesBuildPhase;
			buildActionMask = 2147483647;
			dstPath = "";
			dstSubfolderSpec = 7;
			files = (
			);
			runOnlyForDeploymentPostprocessing = 0;
		};
/* End PBXCopyFilesBuildPhase section */

/* Begin PBXFileReference section */
		3E779C781DDF62E400FE0DD6 /* INLConfigGenerator */ = {isa = PBXFileReference; explicitFileType = "compiled.mach-o.executable"; includeInIndex = 0; path = INLConfigGenerator; sourceTree = BUILT_PRODUCTS_DIR; };
		3E779C7B1DDF62E400FE0DD6 /* main.swift */ = {isa = PBXFileReference; lastKnownFileType = sourcecode.swift; path = main.swift; sourceTree = "<group>"; };
		3EC4E8E41DDF668400A3BF9B /* SwiftyJSON.framework */ = {isa = PBXFileReference; lastKnownFileType = wrapper.framework; name = SwiftyJSON.framework; path = "../../../Library/Developer/Xcode/DerivedData/INLConfigGenerator-aorwxsvgqlflbbbaoboboebzjzst/Build/Products/Debug/SwiftyJSON/SwiftyJSON.framework"; sourceTree = "<group>"; };
		3EC4E8E91DDF683400A3BF9B /* SwiftyJSON.framework */ = {isa = PBXFileReference; explicitFileType = wrapper.framework; path = SwiftyJSON.framework; sourceTree = BUILT_PRODUCTS_DIR; };
		71388DD9C55B442A227C0348 /* Pods-INLConfigGenerator.debug.xcconfig */ = {isa = PBXFileReference; includeInIndex = 1; lastKnownFileType = text.xcconfig; name = "Pods-INLConfigGenerator.debug.xcconfig"; path = "Pods/Target Support Files/Pods-INLConfigGenerator/Pods-INLConfigGenerator.debug.xcconfig"; sourceTree = "<group>"; };
		8D49025FD4A41DE081288D9D /* Pods-INLConfigGenerator.release.xcconfig */ = {isa = PBXFileReference; includeInIndex = 1; lastKnownFileType = text.xcconfig; name = "Pods-INLConfigGenerator.release.xcconfig"; path = "Pods/Target Support Files/Pods-INLConfigGenerator/Pods-INLConfigGenerator.release.xcconfig"; sourceTree = "<group>"; };
		C42D346BC38F2F73D9FCD7D1 /* Pods_INLConfigGenerator.framework */ = {isa = PBXFileReference; explicitFileType = wrapper.framework; includeInIndex = 0; path = Pods_INLConfigGenerator.framework; sourceTree = BUILT_PRODUCTS_DIR; };
/* End PBXFileReference section */

/* Begin PBXFrameworksBuildPhase section */
		3E779C751DDF62E400FE0DD6 /* Frameworks */ = {
			isa = PBXFrameworksBuildPhase;
			buildActionMask = 2147483647;
			files = (
				3EC4E8E51DDF668400A3BF9B /* SwiftyJSON.framework in Frameworks */,
				AE169C9B7727BC61E47959FE /* Pods_INLConfigGenerator.framework in Frameworks */,
			);
			runOnlyForDeploymentPostprocessing = 0;
		};
/* End PBXFrameworksBuildPhase section */

/* Begin PBXGroup section */
		0AC6E189864393C1C16C9574 /* Pods */ = {
			isa = PBXGroup;
			children = (
				71388DD9C55B442A227C0348 /* Pods-INLConfigGenerator.debug.xcconfig */,
				8D49025FD4A41DE081288D9D /* Pods-INLConfigGenerator.release.xcconfig */,
			);
			name = Pods;
			sourceTree = "<group>";
		};
		1A7E58464F4DFD02340B1D09 /* Frameworks */ = {
			isa = PBXGroup;
			children = (
				3EC4E8E41DDF668400A3BF9B /* SwiftyJSON.framework */,
				C42D346BC38F2F73D9FCD7D1 /* Pods_INLConfigGenerator.framework */,
			);
			name = Frameworks;
			sourceTree = "<group>";
		};
		3E779C6F1DDF62E400FE0DD6 = {
			isa = PBXGroup;
			children = (
				3EC4E8E91DDF683400A3BF9B /* SwiftyJSON.framework */,
				3E779C7A1DDF62E400FE0DD6 /* INLConfigGenerator */,
				3E779C791DDF62E400FE0DD6 /* Products */,
				0AC6E189864393C1C16C9574 /* Pods */,
				1A7E58464F4DFD02340B1D09 /* Frameworks */,
			);
			sourceTree = "<group>";
		};
		3E779C791DDF62E400FE0DD6 /* Products */ = {
			isa = PBXGroup;
			children = (
				3E779C781DDF62E400FE0DD6 /* INLConfigGenerator */,
			);
			name = Products;
			sourceTree = "<group>";
		};
		3E779C7A1DDF62E400FE0DD6 /* INLConfigGenerator */ = {
			isa = PBXGroup;
			children = (
				3E779C7B1DDF62E400FE0DD6 /* main.swift */,
			);
			path = INLConfigGenerator;
			sourceTree = "<group>";
		};
/* End PBXGroup section */

/* Begin PBXNativeTarget section */
		3E779C771DDF62E400FE0DD6 /* INLConfigGenerator */ = {
			isa = PBXNativeTarget;
			buildConfigurationList = 3E779C7F1DDF62E400FE0DD6 /* Build configuration list for PBXNativeTarget "INLConfigGenerator" */;
			buildPhases = (
				0BA05BB34397FDA09DD12C85 /* [CP] Check Pods Manifest.lock */,
				3E779C741DDF62E400FE0DD6 /* Sources */,
				3E779C751DDF62E400FE0DD6 /* Frameworks */,
				7BC36A88738845B4CBC87B07 /* [CP] Copy Pods Resources */,
				3EC4E8EC1DDF690E00A3BF9B /* CopyFiles */,
				3EC4E8E71DDF677E00A3BF9B /* Embedded Binaries */,
			);
			buildRules = (
			);
			dependencies = (
			);
			name = INLConfigGenerator;
			productName = INLConfigGenerator;
			productReference = 3E779C781DDF62E400FE0DD6 /* INLConfigGenerator */;
			productType = "com.apple.product-type.tool";
		};
/* End PBXNativeTarget section */

/* Begin PBXProject section */
		3E779C701DDF62E400FE0DD6 /* Project object */ = {
			isa = PBXProject;
			attributes = {
				LastSwiftUpdateCheck = 0810;
				LastUpgradeCheck = 0810;
				ORGANIZATIONNAME = Inloop;
				TargetAttributes = {
					3E779C771DDF62E400FE0DD6 = {
						CreatedOnToolsVersion = 8.1;
						ProvisioningStyle = Automatic;
					};
				};
			};
			buildConfigurationList = 3E779C731DDF62E400FE0DD6 /* Build configuration list for PBXProject "INLConfigGenerator" */;
			compatibilityVersion = "Xcode 3.2";
			developmentRegion = English;
			hasScannedForEncodings = 0;
			knownRegions = (
				en,
			);
			mainGroup = 3E779C6F1DDF62E400FE0DD6;
			productRefGroup = 3E779C791DDF62E400FE0DD6 /* Products */;
			projectDirPath = "";
			projectRoot = "";
			targets = (
				3E779C771DDF62E400FE0DD6 /* INLConfigGenerator */,
			);
		};
/* End PBXProject section */

/* Begin PBXShellScriptBuildPhase section */
		0BA05BB34397FDA09DD12C85 /* [CP] Check Pods Manifest.lock */ = {
			isa = PBXShellScriptBuildPhase;
			buildActionMask = 2147483647;
			files = (
			);
			inputPaths = (
			);
			name = "[CP] Check Pods Manifest.lock";
			outputPaths = (
			);
			runOnlyForDeploymentPostprocessing = 0;
			shellPath = /bin/sh;
			shellScript = "diff \"${PODS_ROOT}/../Podfile.lock\" \"${PODS_ROOT}/Manifest.lock\" > /dev/null\nif [ $? != 0 ] ; then\n    # print error to STDERR\n    echo \"error: The sandbox is not in sync with the Podfile.lock. Run 'pod install' or update your CocoaPods installation.\" >&2\n    exit 1\nfi\n";
			showEnvVarsInLog = 0;
		};
		7BC36A88738845B4CBC87B07 /* [CP] Copy Pods Resources */ = {
			isa = PBXShellScriptBuildPhase;
			buildActionMask = 2147483647;
			files = (
			);
			inputPaths = (
			);
			name = "[CP] Copy Pods Resources";
			outputPaths = (
			);
			runOnlyForDeploymentPostprocessing = 0;
			shellPath = /bin/sh;
			shellScript = "\"${SRCROOT}/Pods/Target Support Files/Pods-INLConfigGenerator/Pods-INLConfigGenerator-resources.sh\"\n";
			showEnvVarsInLog = 0;
		};
/* End PBXShellScriptBuildPhase section */

/* Begin PBXSourcesBuildPhase section */
		3E779C741DDF62E400FE0DD6 /* Sources */ = {
			isa = PBXSourcesBuildPhase;
			buildActionMask = 2147483647;
			files = (
				3E779C7C1DDF62E400FE0DD6 /* main.swift in Sources */,
			);
			runOnlyForDeploymentPostprocessing = 0;
		};
/* End PBXSourcesBuildPhase section */

/* Begin XCBuildConfiguration section */
		3E779C7D1DDF62E400FE0DD6 /* Debug */ = {
			isa = XCBuildConfiguration;
			buildSettings = {
				ALWAYS_SEARCH_USER_PATHS = NO;
				CLANG_ANALYZER_NONNULL = YES;
				CLANG_CXX_LANGUAGE_STANDARD = "gnu++0x";
				CLANG_CXX_LIBRARY = "libc++";
				CLANG_ENABLE_MODULES = YES;
				CLANG_ENABLE_OBJC_ARC = YES;
				CLANG_WARN_BOOL_CONVERSION = YES;
				CLANG_WARN_CONSTANT_CONVERSION = YES;
				CLANG_WARN_DIRECT_OBJC_ISA_USAGE = YES_ERROR;
				CLANG_WARN_DOCUMENTATION_COMMENTS = YES;
				CLANG_WARN_EMPTY_BODY = YES;
				CLANG_WARN_ENUM_CONVERSION = YES;
				CLANG_WARN_INFINITE_RECURSION = YES;
				CLANG_WARN_INT_CONVERSION = YES;
				CLANG_WARN_OBJC_ROOT_CLASS = YES_ERROR;
				CLANG_WARN_SUSPICIOUS_MOVES = YES;
				CLANG_WARN_UNREACHABLE_CODE = YES;
				CLANG_WARN__DUPLICATE_METHOD_MATCH = YES;
				CODE_SIGN_IDENTITY = "-";
				COPY_PHASE_STRIP = NO;
				DEBUG_INFORMATION_FORMAT = dwarf;
				ENABLE_STRICT_OBJC_MSGSEND = YES;
				ENABLE_TESTABILITY = YES;
				GCC_C_LANGUAGE_STANDARD = gnu99;
				GCC_DYNAMIC_NO_PIC = NO;
				GCC_NO_COMMON_BLOCKS = YES;
				GCC_OPTIMIZATION_LEVEL = 0;
				GCC_PREPROCESSOR_DEFINITIONS = (
					"DEBUG=1",
					"$(inherited)",
				);
				GCC_WARN_64_TO_32_BIT_CONVERSION = YES;
				GCC_WARN_ABOUT_RETURN_TYPE = YES_ERROR;
				GCC_WARN_UNDECLARED_SELECTOR = YES;
				GCC_WARN_UNINITIALIZED_AUTOS = YES_AGGRESSIVE;
				GCC_WARN_UNUSED_FUNCTION = YES;
				GCC_WARN_UNUSED_VARIABLE = YES;
				MACOSX_DEPLOYMENT_TARGET = 10.12;
				MTL_ENABLE_DEBUG_INFO = YES;
				ONLY_ACTIVE_ARCH = YES;
				SDKROOT = macosx;
				SWIFT_OPTIMIZATION_LEVEL = "-Onone";
			};
			name = Debug;
		};
		3E779C7E1DDF62E400FE0DD6 /* Release */ = {
			isa = XCBuildConfiguration;
			buildSettings = {
				ALWAYS_SEARCH_USER_PATHS = NO;
				CLANG_ANALYZER_NONNULL = YES;
				CLANG_CXX_LANGUAGE_STANDARD = "gnu++0x";
				CLANG_CXX_LIBRARY = "libc++";
				CLANG_ENABLE_MODULES = YES;
				CLANG_ENABLE_OBJC_ARC = YES;
				CLANG_WARN_BOOL_CONVERSION = YES;
				CLANG_WARN_CONSTANT_CONVERSION = YES;
				CLANG_WARN_DIRECT_OBJC_ISA_USAGE = YES_ERROR;
				CLANG_WARN_DOCUMENTATION_COMMENTS = YES;
				CLANG_WARN_EMPTY_BODY = YES;
				CLANG_WARN_ENUM_CONVERSION = YES;
				CLANG_WARN_INFINITE_RECURSION = YES;
				CLANG_WARN_INT_CONVERSION = YES;
				CLANG_WARN_OBJC_ROOT_CLASS = YES_ERROR;
				CLANG_WARN_SUSPICIOUS_MOVES = YES;
				CLANG_WARN_UNREACHABLE_CODE = YES;
				CLANG_WARN__DUPLICATE_METHOD_MATCH = YES;
				CODE_SIGN_IDENTITY = "-";
				COPY_PHASE_STRIP = NO;
				DEBUG_INFORMATION_FORMAT = "dwarf-with-dsym";
				ENABLE_NS_ASSERTIONS = NO;
				ENABLE_STRICT_OBJC_MSGSEND = YES;
				GCC_C_LANGUAGE_STANDARD = gnu99;
				GCC_NO_COMMON_BLOCKS = YES;
				GCC_WARN_64_TO_32_BIT_CONVERSION = YES;
				GCC_WARN_ABOUT_RETURN_TYPE = YES_ERROR;
				GCC_WARN_UNDECLARED_SELECTOR = YES;
				GCC_WARN_UNINITIALIZED_AUTOS = YES_AGGRESSIVE;
				GCC_WARN_UNUSED_FUNCTION = YES;
				GCC_WARN_UNUSED_VARIABLE = YES;
				MACOSX_DEPLOYMENT_TARGET = 10.12;
				MTL_ENABLE_DEBUG_INFO = NO;
				SDKROOT = macosx;
			};
			name = Release;
		};
		3E779C801DDF62E400FE0DD6 /* Debug */ = {
			isa = XCBuildConfiguration;
			baseConfigurationReference = 71388DD9C55B442A227C0348 /* Pods-INLConfigGenerator.debug.xcconfig */;
			buildSettings = {
				PRODUCT_NAME = "$(TARGET_NAME)";
				SWIFT_VERSION = 3.0;
			};
			name = Debug;
		};
		3E779C811DDF62E400FE0DD6 /* Release */ = {
			isa = XCBuildConfiguration;
			baseConfigurationReference = 8D49025FD4A41DE081288D9D /* Pods-INLConfigGenerator.release.xcconfig */;
			buildSettings = {
				PRODUCT_NAME = "$(TARGET_NAME)";
				SWIFT_VERSION = 3.0;
			};
			name = Release;
		};
/* End XCBuildConfiguration section */

/* Begin XCConfigurationList section */
		3E779C731DDF62E400FE0DD6 /* Build configuration list for PBXProject "INLConfigGenerator" */ = {
			isa = XCConfigurationList;
			buildConfigurations = (
				3E779C7D1DDF62E400FE0DD6 /* Debug */,
				3E779C7E1DDF62E400FE0DD6 /* Release */,
			);
			defaultConfigurationIsVisible = 0;
			defaultConfigurationName = Release;
		};
		3E779C7F1DDF62E400FE0DD6 /* Build configuration list for PBXNativeTarget "INLConfigGenerator" */ = {
			isa = XCConfigurationList;
			buildConfigurations = (
				3E779C801DDF62E400FE0DD6 /* Debug */,
				3E779C811DDF62E400FE0DD6 /* Release */,
			);
			defaultConfigurationIsVisible = 0;
			defaultConfigurationName = Release;
		};
/* End XCConfigurationList section */
	};
	rootObject = 3E779C701DDF62E400FE0DD6 /* Project object */;
}
